
Microsoft Visual Studio Solution File, Format Version 12.00
# Visual Studio Version 16
VisualStudioVersion = 16.0.31613.86
MinimumVisualStudioVersion = 10.0.40219.1
Project("{FAE04EC0-301F-11D3-BF4B-00C04F79EFBC}") = "Vending Machine", "Vending Machine\Vending Machine.csproj", "{A583BA46-C47A-4229-BA77-A3226E976A57}"
EndProject
Global
	GlobalSection(SolutionConfigurationPlatforms) = preSolution
		Debug|Any CPU = Debug|Any CPU
		Release|Any CPU = Release|Any CPU
	EndGlobalSection
	GlobalSection(ProjectConfigurationPlatforms) = postSolution
		{A583BA46-C47A-4229-BA77-A3226E976A57}.Debug|Any CPU.ActiveCfg = Debug|Any CPU
		{A583BA46-C47A-4229-BA77-A3226E976A57}.Debug|Any CPU.Build.0 = Debug|Any CPU
		{A583BA46-C47A-4229-BA77-A3226E976A57}.Release|Any CPU.ActiveCfg = Release|Any CPU
		{A583BA46-C47A-4229-BA77-A3226E976A57}.Release|Any CPU.Build.0 = Release|Any CPU
	EndGlobalSection
	GlobalSection(SolutionProperties) = preSolution
		HideSolutionNode = FALSE
	EndGlobalSection
	GlobalSection(ExtensibilityGlobals) = postSolution
		SolutionGuid = {7626D3D8-12E6-4EFA-B453-404118C9AB0D}
	EndGlobalSection
EndGlobal
